
Microsoft Visual Studio Solution File, Format Version 12.00
# Visual Studio Version 17
VisualStudioVersion = 17.0.32112.339
MinimumVisualStudioVersion = 10.0.40219.1
Project("{FAE04EC0-301F-11D3-BF4B-00C04F79EFBC}") = "POS", "POS\POS.csproj", "{DF50BE4F-A9FD-4240-B274-4234047126CB}"
EndProject
Global
	GlobalSection(SolutionConfigurationPlatforms) = preSolution
		Debug|Any CPU = Debug|Any CPU
		Release|Any CPU = Release|Any CPU
	EndGlobalSection
	GlobalSection(ProjectConfigurationPlatforms) = postSolution
		{DF50BE4F-A9FD-4240-B274-4234047126CB}.Debug|Any CPU.ActiveCfg = Debug|Any CPU
		{DF50BE4F-A9FD-4240-B274-4234047126CB}.Debug|Any CPU.Build.0 = Debug|Any CPU
		{DF50BE4F-A9FD-4240-B274-4234047126CB}.Release|Any CPU.ActiveCfg = Release|Any CPU
		{DF50BE4F-A9FD-4240-B274-4234047126CB}.Release|Any CPU.Build.0 = Release|Any CPU
	EndGlobalSection
	GlobalSection(SolutionProperties) = preSolution
		HideSolutionNode = FALSE
	EndGlobalSection
	GlobalSection(ExtensibilityGlobals) = postSolution
		SolutionGuid = {2FCC4C74-7743-49D9-8A10-4E215F238365}
	EndGlobalSection
EndGlobal
